// !$*UTF8*$!
{
	archiveVersion = 1;
	classes = {
	};
	objectVersion = 50;
	objects = {

/* Begin PBXBuildFile section */
		45B8DBA3222FCC17006A3423 /* AppDelegate.swift in Sources */ = {isa = PBXBuildFile; fileRef = 45B8DBA2222FCC17006A3423 /* AppDelegate.swift */; };
		45B8DBA5222FCC17006A3423 /* ViewController.swift in Sources */ = {isa = PBXBuildFile; fileRef = 45B8DBA4222FCC17006A3423 /* ViewController.swift */; };
		45B8DBA8222FCC17006A3423 /* Main.storyboard in Resources */ = {isa = PBXBuildFile; fileRef = 45B8DBA6222FCC17006A3423 /* Main.storyboard */; };
		45B8DBAA222FCC19006A3423 /* Assets.xcassets in Resources */ = {isa = PBXBuildFile; fileRef = 45B8DBA9222FCC19006A3423 /* Assets.xcassets */; };
		45B8DBAD222FCC19006A3423 /* LaunchScreen.storyboard in Resources */ = {isa = PBXBuildFile; fileRef = 45B8DBAB222FCC19006A3423 /* LaunchScreen.storyboard */; };
		6746E50672786B28BD0F9C78 /* Pods_gplaceTest.framework in Frameworks */ = {isa = PBXBuildFile; fileRef = 33F0383A8C2967655EF02CE7 /* Pods_gplaceTest.framework */; };
/* End PBXBuildFile section */

/* Begin PBXFileReference section */
		33F0383A8C2967655EF02CE7 /* Pods_gplaceTest.framework */ = {isa = PBXFileReference; explicitFileType = wrapper.framework; includeInIndex = 0; path = Pods_gplaceTest.framework; sourceTree = BUILT_PRODUCTS_DIR; };
		45B8DB9F222FCC17006A3423 /* gplaceTest.app */ = {isa = PBXFileReference; explicitFileType = wrapper.application; includeInIndex = 0; path = gplaceTest.app; sourceTree = BUILT_PRODUCTS_DIR; };
		45B8DBA2222FCC17006A3423 /* AppDelegate.swift */ = {isa = PBXFileReference; lastKnownFileType = sourcecode.swift; path = AppDelegate.swift; sourceTree = "<group>"; };
		45B8DBA4222FCC17006A3423 /* ViewController.swift */ = {isa = PBXFileReference; lastKnownFileType = sourcecode.swift; path = ViewController.swift; sourceTree = "<group>"; };
		45B8DBA7222FCC17006A3423 /* Base */ = {isa = PBXFileReference; lastKnownFileType = file.storyboard; name = Base; path = Base.lproj/Main.storyboard; sourceTree = "<group>"; };
		45B8DBA9222FCC19006A3423 /* Assets.xcassets */ = {isa = PBXFileReference; lastKnownFileType = folder.assetcatalog; path = Assets.xcassets; sourceTree = "<group>"; };
		45B8DBAC222FCC19006A3423 /* Base */ = {isa = PBXFileReference; lastKnownFileType = file.storyboard; name = Base; path = Base.lproj/LaunchScreen.storyboard; sourceTree = "<group>"; };
		45B8DBAE222FCC19006A3423 /* Info.plist */ = {isa = PBXFileReference; lastKnownFileType = text.plist.xml; path = Info.plist; sourceTree = "<group>"; };
		B9F656C223DBFA55FDC59536 /* Pods-gplaceTest.debug.xcconfig */ = {isa = PBXFileReference; includeInIndex = 1; lastKnownFileType = text.xcconfig; name = "Pods-gplaceTest.debug.xcconfig"; path = "Pods/Target Support Files/Pods-gplaceTest/Pods-gplaceTest.debug.xcconfig"; sourceTree = "<group>"; };
		CC7678ED0EEA57DF2B6E32F6 /* Pods-gplaceTest.release.xcconfig */ = {isa = PBXFileReference; includeInIndex = 1; lastKnownFileType = text.xcconfig; name = "Pods-gplaceTest.release.xcconfig"; path = "Pods/Target Support Files/Pods-gplaceTest/Pods-gplaceTest.release.xcconfig"; sourceTree = "<group>"; };
/* End PBXFileReference section */

/* Begin PBXFrameworksBuildPhase section */
		45B8DB9C222FCC17006A3423 /* Frameworks */ = {
			isa = PBXFrameworksBuildPhase;
			buildActionMask = 2147483647;
			files = (
				6746E50672786B28BD0F9C78 /* Pods_gplaceTest.framework in Frameworks */,
			);
			runOnlyForDeploymentPostprocessing = 0;
		};
/* End PBXFrameworksBuildPhase section */

/* Begin PBXGroup section */
		45B8DB96222FCC17006A3423 = {
			isa = PBXGroup;
			children = (
				45B8DBA1222FCC17006A3423 /* gplaceTest */,
				45B8DBA0222FCC17006A3423 /* Products */,
				AF313AA3DBC6E8E8679DEEA7 /* Pods */,
				FC99B6FCAFC2181D7032B0FB /* Frameworks */,
			);
			sourceTree = "<group>";
		};
		45B8DBA0222FCC17006A3423 /* Products */ = {
			isa = PBXGroup;
			children = (
				45B8DB9F222FCC17006A3423 /* gplaceTest.app */,
			);
			name = Products;
			sourceTree = "<group>";
		};
		45B8DBA1222FCC17006A3423 /* gplaceTest */ = {
			isa = PBXGroup;
			children = (
				45B8DBA2222FCC17006A3423 /* AppDelegate.swift */,
				45B8DBA4222FCC17006A3423 /* ViewController.swift */,
				45B8DBA6222FCC17006A3423 /* Main.storyboard */,
				45B8DBA9222FCC19006A3423 /* Assets.xcassets */,
				45B8DBAB222FCC19006A3423 /* LaunchScreen.storyboard */,
				45B8DBAE222FCC19006A3423 /* Info.plist */,
			);
			path = gplaceTest;
			sourceTree = "<group>";
		};
		AF313AA3DBC6E8E8679DEEA7 /* Pods */ = {
			isa = PBXGroup;
			children = (
				B9F656C223DBFA55FDC59536 /* Pods-gplaceTest.debug.xcconfig */,
				CC7678ED0EEA57DF2B6E32F6 /* Pods-gplaceTest.release.xcconfig */,
			);
			name = Pods;
			sourceTree = "<group>";
		};
		FC99B6FCAFC2181D7032B0FB /* Frameworks */ = {
			isa = PBXGroup;
			children = (
				33F0383A8C2967655EF02CE7 /* Pods_gplaceTest.framework */,
			);
			name = Frameworks;
			sourceTree = "<group>";
		};
/* End PBXGroup section */

/* Begin PBXNativeTarget section */
		45B8DB9E222FCC17006A3423 /* gplaceTest */ = {
			isa = PBXNativeTarget;
			buildConfigurationList = 45B8DBB1222FCC19006A3423 /* Build configuration list for PBXNativeTarget "gplaceTest" */;
			buildPhases = (
				12BE5C2FDA5207229696F5FD /* [CP] Check Pods Manifest.lock */,
				45B8DB9B222FCC17006A3423 /* Sources */,
				45B8DB9C222FCC17006A3423 /* Frameworks */,
				45B8DB9D222FCC17006A3423 /* Resources */,
				3C2D3EA82E1F104EC52666B7 /* [CP] Copy Pods Resources */,
			);
			buildRules = (
			);
			dependencies = (
			);
			name = gplaceTest;
			productName = gplaceTest;
			productReference = 45B8DB9F222FCC17006A3423 /* gplaceTest.app */;
			productType = "com.apple.product-type.application";
		};
/* End PBXNativeTarget section */

/* Begin PBXProject section */
		45B8DB97222FCC17006A3423 /* Project object */ = {
			isa = PBXProject;
			attributes = {
				LastSwiftUpdateCheck = 1010;
				LastUpgradeCheck = 1010;
				ORGANIZATIONNAME = apetIvan;
				TargetAttributes = {
					45B8DB9E222FCC17006A3423 = {
						CreatedOnToolsVersion = 10.1;
					};
				};
			};
			buildConfigurationList = 45B8DB9A222FCC17006A3423 /* Build configuration list for PBXProject "gplaceTest" */;
			compatibilityVersion = "Xcode 9.3";
			developmentRegion = en;
			hasScannedForEncodings = 0;
			knownRegions = (
				en,
				Base,
			);
			mainGroup = 45B8DB96222FCC17006A3423;
			productRefGroup = 45B8DBA0222FCC17006A3423 /* Products */;
			projectDirPath = "";
			projectRoot = "";
			targets = (
				45B8DB9E222FCC17006A3423 /* gplaceTest */,
			);
		};
/* End PBXProject section */

/* Begin PBXResourcesBuildPhase section */
		45B8DB9D222FCC17006A3423 /* Resources */ = {
			isa = PBXResourcesBuildPhase;
			buildActionMask = 2147483647;
			files = (
				45B8DBAD222FCC19006A3423 /* LaunchScreen.storyboard in Resources */,
				45B8DBAA222FCC19006A3423 /* Assets.xcassets in Resources */,
				45B8DBA8222FCC17006A3423 /* Main.storyboard in Resources */,
			);
			runOnlyForDeploymentPostprocessing = 0;
		};
/* End PBXResourcesBuildPhase section */

/* Begin PBXShellScriptBuildPhase section */
		12BE5C2FDA5207229696F5FD /* [CP] Check Pods Manifest.lock */ = {
			isa = PBXShellScriptBuildPhase;
			buildActionMask = 2147483647;
			files = (
			);
			inputPaths = (
				"${PODS_PODFILE_DIR_PATH}/Podfile.lock",
				"${PODS_ROOT}/Manifest.lock",
			);
			name = "[CP] Check Pods Manifest.lock";
			outputPaths = (
				"$(DERIVED_FILE_DIR)/Pods-gplaceTest-checkManifestLockResult.txt",
			);
			runOnlyForDeploymentPostprocessing = 0;
			shellPath = /bin/sh;
			shellScript = "diff \"${PODS_PODFILE_DIR_PATH}/Podfile.lock\" \"${PODS_ROOT}/Manifest.lock\" > /dev/null\nif [ $? != 0 ] ; then\n    # print error to STDERR\n    echo \"error: The sandbox is not in sync with the Podfile.lock. Run 'pod install' or update your CocoaPods installation.\" >&2\n    exit 1\nfi\n# This output is used by Xcode 'outputs' to avoid re-running this script phase.\necho \"SUCCESS\" > \"${SCRIPT_OUTPUT_FILE_0}\"\n";
			showEnvVarsInLog = 0;
		};
		3C2D3EA82E1F104EC52666B7 /* [CP] Copy Pods Resources */ = {
			isa = PBXShellScriptBuildPhase;
			buildActionMask = 2147483647;
			files = (
			);
			inputPaths = (
				"${SRCROOT}/Pods/Target Support Files/Pods-gplaceTest/Pods-gplaceTest-resources.sh",
				"${PODS_ROOT}/GoogleMaps/Maps/Frameworks/GoogleMaps.framework/Resources/GoogleMaps.bundle",
				"${PODS_ROOT}/GooglePlacePicker/Frameworks/GooglePlacePicker.framework/Resources/GooglePlacePicker.bundle",
				"${PODS_ROOT}/GooglePlaces/Frameworks/GooglePlaces.framework/Resources/GooglePlaces.bundle",
			);
			name = "[CP] Copy Pods Resources";
			outputPaths = (
				"${TARGET_BUILD_DIR}/${UNLOCALIZED_RESOURCES_FOLDER_PATH}/GoogleMaps.bundle",
				"${TARGET_BUILD_DIR}/${UNLOCALIZED_RESOURCES_FOLDER_PATH}/GooglePlacePicker.bundle",
				"${TARGET_BUILD_DIR}/${UNLOCALIZED_RESOURCES_FOLDER_PATH}/GooglePlaces.bundle",
			);
			runOnlyForDeploymentPostprocessing = 0;
			shellPath = /bin/sh;
			shellScript = "\"${SRCROOT}/Pods/Target Support Files/Pods-gplaceTest/Pods-gplaceTest-resources.sh\"\n";
			showEnvVarsInLog = 0;
		};
/* End PBXShellScriptBuildPhase section */

/* Begin PBXSourcesBuildPhase section */
		45B8DB9B222FCC17006A3423 /* Sources */ = {
			isa = PBXSourcesBuildPhase;
			buildActionMask = 2147483647;
			files = (
				45B8DBA5222FCC17006A3423 /* ViewController.swift in Sources */,
				45B8DBA3222FCC17006A3423 /* AppDelegate.swift in Sources */,
			);
			runOnlyForDeploymentPostprocessing = 0;
		};
/* End PBXSourcesBuildPhase section */

/* Begin PBXVariantGroup section */
		45B8DBA6222FCC17006A3423 /* Main.storyboard */ = {
			isa = PBXVariantGroup;
			children = (
				45B8DBA7222FCC17006A3423 /* Base */,
			);
			name = Main.storyboard;
			sourceTree = "<group>";
		};
		45B8DBAB222FCC19006A3423 /* LaunchScreen.storyboard */ = {
			isa = PBXVariantGroup;
			children = (
				45B8DBAC222FCC19006A3423 /* Base */,
			);
			name = LaunchScreen.storyboard;
			sourceTree = "<group>";
		};
/* End PBXVariantGroup section */

/* Begin XCBuildConfiguration section */
		45B8DBAF222FCC19006A3423 /* Debug */ = {
			isa = XCBuildConfiguration;
			buildSettings = {
				ALWAYS_SEARCH_USER_PATHS = NO;
				CLANG_ANALYZER_NONNULL = YES;
				CLANG_ANALYZER_NUMBER_OBJECT_CONVERSION = YES_AGGRESSIVE;
				CLANG_CXX_LANGUAGE_STANDARD = "gnu++14";
				CLANG_CXX_LIBRARY = "libc++";
				CLANG_ENABLE_MODULES = YES;
				CLANG_ENABLE_OBJC_ARC = YES;
				CLANG_ENABLE_OBJC_WEAK = YES;
				CLANG_WARN_BLOCK_CAPTURE_AUTORELEASING = YES;
				CLANG_WARN_BOOL_CONVERSION = YES;
				CLANG_WARN_COMMA = YES;
				CLANG_WARN_CONSTANT_CONVERSION = YES;
				CLANG_WARN_DEPRECATED_OBJC_IMPLEMENTATIONS = YES;
				CLANG_WARN_DIRECT_OBJC_ISA_USAGE = YES_ERROR;
				CLANG_WARN_DOCUMENTATION_COMMENTS = YES;
				CLANG_WARN_EMPTY_BODY = YES;
				CLANG_WARN_ENUM_CONVERSION = YES;
				CLANG_WARN_INFINITE_RECURSION = YES;
				CLANG_WARN_INT_CONVERSION = YES;
				CLANG_WARN_NON_LITERAL_NULL_CONVERSION = YES;
				CLANG_WARN_OBJC_IMPLICIT_RETAIN_SELF = YES;
				CLANG_WARN_OBJC_LITERAL_CONVERSION = YES;
				CLANG_WARN_OBJC_ROOT_CLASS = YES_ERROR;
				CLANG_WARN_RANGE_LOOP_ANALYSIS = YES;
				CLANG_WARN_STRICT_PROTOTYPES = YES;
				CLANG_WARN_SUSPICIOUS_MOVE = YES;
				CLANG_WARN_UNGUARDED_AVAILABILITY = YES_AGGRESSIVE;
				CLANG_WARN_UNREACHABLE_CODE = YES;
				CLANG_WARN__DUPLICATE_METHOD_MATCH = YES;
				CODE_SIGN_IDENTITY = "iPhone Developer";
				COPY_PHASE_STRIP = NO;
				DEBUG_INFORMATION_FORMAT = dwarf;
				ENABLE_STRICT_OBJC_MSGSEND = YES;
				ENABLE_TESTABILITY = YES;
				GCC_C_LANGUAGE_STANDARD = gnu11;
				GCC_DYNAMIC_NO_PIC = NO;
				GCC_NO_COMMON_BLOCKS = YES;
				GCC_OPTIMIZATION_LEVEL = 0;
				GCC_PREPROCESSOR_DEFINITIONS = (
					"DEBUG=1",
					"$(inherited)",
				);
				GCC_WARN_64_TO_32_BIT_CONVERSION = YES;
				GCC_WARN_ABOUT_RETURN_TYPE = YES_ERROR;
				GCC_WARN_UNDECLARED_SELECTOR = YES;
				GCC_WARN_UNINITIALIZED_AUTOS = YES_AGGRESSIVE;
				GCC_WARN_UNUSED_FUNCTION = YES;
				GCC_WARN_UNUSED_VARIABLE = YES;
				IPHONEOS_DEPLOYMENT_TARGET = 12.1;
				MTL_ENABLE_DEBUG_INFO = INCLUDE_SOURCE;
				MTL_FAST_MATH = YES;
				ONLY_ACTIVE_ARCH = YES;
				SDKROOT = iphoneos;
				SWIFT_ACTIVE_COMPILATION_CONDITIONS = DEBUG;
				SWIFT_OPTIMIZATION_LEVEL = "-Onone";
			};
			name = Debug;
		};
		45B8DBB0222FCC19006A3423 /* Release */ = {
			isa = XCBuildConfiguration;
			buildSettings = {
				ALWAYS_SEARCH_USER_PATHS = NO;
				CLANG_ANALYZER_NONNULL = YES;
				CLANG_ANALYZER_NUMBER_OBJECT_CONVERSION = YES_AGGRESSIVE;
				CLANG_CXX_LANGUAGE_STANDARD = "gnu++14";
				CLANG_CXX_LIBRARY = "libc++";
				CLANG_ENABLE_MODULES = YES;
				CLANG_ENABLE_OBJC_ARC = YES;
				CLANG_ENABLE_OBJC_WEAK = YES;
				CLANG_WARN_BLOCK_CAPTURE_AUTORELEASING = YES;
				CLANG_WARN_BOOL_CONVERSION = YES;
				CLANG_WARN_COMMA = YES;
				CLANG_WARN_CONSTANT_CONVERSION = YES;
				CLANG_WARN_DEPRECATED_OBJC_IMPLEMENTATIONS = YES;
				CLANG_WARN_DIRECT_OBJC_ISA_USAGE = YES_ERROR;
				CLANG_WARN_DOCUMENTATION_COMMENTS = YES;
				CLANG_WARN_EMPTY_BODY = YES;
				CLANG_WARN_ENUM_CONVERSION = YES;
				CLANG_WARN_INFINITE_RECURSION = YES;
				CLANG_WARN_INT_CONVERSION = YES;
				CLANG_WARN_NON_LITERAL_NULL_CONVERSION = YES;
				CLANG_WARN_OBJC_IMPLICIT_RETAIN_SELF = YES;
				CLANG_WARN_OBJC_LITERAL_CONVERSION = YES;
				CLANG_WARN_OBJC_ROOT_CLASS = YES_ERROR;
				CLANG_WARN_RANGE_LOOP_ANALYSIS = YES;
				CLANG_WARN_STRICT_PROTOTYPES = YES;
				CLANG_WARN_SUSPICIOUS_MOVE = YES;
				CLANG_WARN_UNGUARDED_AVAILABILITY = YES_AGGRESSIVE;
				CLANG_WARN_UNREACHABLE_CODE = YES;
				CLANG_WARN__DUPLICATE_METHOD_MATCH = YES;
				CODE_SIGN_IDENTITY = "iPhone Developer";
				COPY_PHASE_STRIP = NO;
				DEBUG_INFORMATION_FORMAT = "dwarf-with-dsym";
				ENABLE_NS_ASSERTIONS = NO;
				ENABLE_STRICT_OBJC_MSGSEND = YES;
				GCC_C_LANGUAGE_STANDARD = gnu11;
				GCC_NO_COMMON_BLOCKS = YES;
				GCC_WARN_64_TO_32_BIT_CONVERSION = YES;
				GCC_WARN_ABOUT_RETURN_TYPE = YES_ERROR;
				GCC_WARN_UNDECLARED_SELECTOR = YES;
				GCC_WARN_UNINITIALIZED_AUTOS = YES_AGGRESSIVE;
				GCC_WARN_UNUSED_FUNCTION = YES;
				GCC_WARN_UNUSED_VARIABLE = YES;
				IPHONEOS_DEPLOYMENT_TARGET = 12.1;
				MTL_ENABLE_DEBUG_INFO = NO;
				MTL_FAST_MATH = YES;
				SDKROOT = iphoneos;
				SWIFT_COMPILATION_MODE = wholemodule;
				SWIFT_OPTIMIZATION_LEVEL = "-O";
				VALIDATE_PRODUCT = YES;
			};
			name = Release;
		};
		45B8DBB2222FCC19006A3423 /* Debug */ = {
			isa = XCBuildConfiguration;
			baseConfigurationReference = B9F656C223DBFA55FDC59536 /* Pods-gplaceTest.debug.xcconfig */;
			buildSettings = {
				ASSETCATALOG_COMPILER_APPICON_NAME = AppIcon;
				CODE_SIGN_STYLE = Automatic;
				DEVELOPMENT_TEAM = 66ZKZ9JAS2;
				INFOPLIST_FILE = gplaceTest/Info.plist;
				IPHONEOS_DEPLOYMENT_TARGET = 11.0;
				LD_RUNPATH_SEARCH_PATHS = (
					"$(inherited)",
					"@executable_path/Frameworks",
				);
				PRODUCT_BUNDLE_IDENTIFIER = com.gplaceTest;
				PRODUCT_NAME = "$(TARGET_NAME)";
				SWIFT_VERSION = 4.2;
				TARGETED_DEVICE_FAMILY = "1,2";
			};
			name = Debug;
		};
		45B8DBB3222FCC19006A3423 /* Release */ = {
			isa = XCBuildConfiguration;
			baseConfigurationReference = CC7678ED0EEA57DF2B6E32F6 /* Pods-gplaceTest.release.xcconfig */;
			buildSettings = {
				ASSETCATALOG_COMPILER_APPICON_NAME = AppIcon;
				CODE_SIGN_STYLE = Automatic;
				DEVELOPMENT_TEAM = 66ZKZ9JAS2;
				INFOPLIST_FILE = gplaceTest/Info.plist;
				IPHONEOS_DEPLOYMENT_TARGET = 11.0;
				LD_RUNPATH_SEARCH_PATHS = (
					"$(inherited)",
					"@executable_path/Frameworks",
				);
				PRODUCT_BUNDLE_IDENTIFIER = com.gplaceTest;
				PRODUCT_NAME = "$(TARGET_NAME)";
				SWIFT_VERSION = 4.2;
				TARGETED_DEVICE_FAMILY = "1,2";
			};
			name = Release;
		};
/* End XCBuildConfiguration section */

/* Begin XCConfigurationList section */
		45B8DB9A222FCC17006A3423 /* Build configuration list for PBXProject "gplaceTest" */ = {
			isa = XCConfigurationList;
			buildConfigurations = (
				45B8DBAF222FCC19006A3423 /* Debug */,
				45B8DBB0222FCC19006A3423 /* Release */,
			);
			defaultConfigurationIsVisible = 0;
			defaultConfigurationName = Release;
		};
		45B8DBB1222FCC19006A3423 /* Build configuration list for PBXNativeTarget "gplaceTest" */ = {
			isa = XCConfigurationList;
			buildConfigurations = (
				45B8DBB2222FCC19006A3423 /* Debug */,
				45B8DBB3222FCC19006A3423 /* Release */,
			);
			defaultConfigurationIsVisible = 0;
			defaultConfigurationName = Release;
		};
/* End XCConfigurationList section */
	};
	rootObject = 45B8DB97222FCC17006A3423 /* Project object */;
}
